PODS:
  - Google-Mobile-Ads-SDK (7.32.0)

DEPENDENCIES:
  - Google-Mobile-Ads-SDK

SPEC REPOS:
  https://github.com/cocoapods/specs.git:
    - Google-Mobile-Ads-SDK

SPEC CHECKSUMS:
  Google-Mobile-Ads-SDK: 2aca87e46e860f1e1fc0fdc1201dd9caa4be9ba6

PODFILE CHECKSUM: 1463c8ced1f80a4f3b2afe70a15017f53081d23e

COCOAPODS: 1.6.0
